
Microsoft Visual Studio Solution File, Format Version 12.00
Project("{2150E333-8FDC-42A3-9474-1A3956D46DE8}") = "Solution Items", "Solution Items", "{08C80B96-45B0-4F3C-BCCB-FF61711B808F}"
	ProjectSection(SolutionItems) = preProject
		compose.yaml = compose.yaml
	EndProjectSection
EndProject
Project("{FAE04EC0-301F-11D3-BF4B-00C04F79EFBC}") = "ER.WebApi", "ER.WebApi\ER.WebApi.csproj", "{B617EDB9-E97A-44E3-AE90-956380927C70}"
EndProject
Project("{2150E333-8FDC-42A3-9474-1A3956D46DE8}") = "WebApi", "WebApi", "{80A34C03-5D19-49E0-BCB7-BBE1CEAC83E9}"
EndProject
Project("{2150E333-8FDC-42A3-9474-1A3956D46DE8}") = "Application", "Application", "{6B6D6CDD-F6C2-41D9-A22E-1A0C67A90C64}"
EndProject
Project("{2150E333-8FDC-42A3-9474-1A3956D46DE8}") = "Domain", "Domain", "{3D886664-EAA2-4929-BDE8-A1BC9AD710FF}"
EndProject
Project("{2150E333-8FDC-42A3-9474-1A3956D46DE8}") = "Infrastructure", "Infrastructure", "{25AB72CC-982F-4F13-A5F9-607FF7CF20DC}"
EndProject
Project("{FAE04EC0-301F-11D3-BF4B-00C04F79EFBC}") = "ER.Application", "ER.Application\ER.Application.csproj", "{CEB04BBD-CF29-49BE-9066-A0AB39877081}"
EndProject
Project("{FAE04EC0-301F-11D3-BF4B-00C04F79EFBC}") = "ER.Domain", "ER.Domain\ER.Domain.csproj", "{D06ED8B7-8D5B-4A07-9F71-9356C69594E0}"
EndProject
Project("{FAE04EC0-301F-11D3-BF4B-00C04F79EFBC}") = "ER.Infrastructure", "ER.Infrastructure\ER.Infrastructure.csproj", "{E389E60A-91D2-45CB-BCA8-E3A413FA2FCA}"
EndProject
Project("{2150E333-8FDC-42A3-9474-1A3956D46DE8}") = "Tests", "Tests", "{6C0BE06D-228D-437A-9B6B-C708ADA661B4}"
EndProject
Project("{2150E333-8FDC-42A3-9474-1A3956D46DE8}") = "Integration", "Integration", "{B5473DA1-CA13-47E7-AAA8-A30DB77D9B08}"
EndProject
Project("{2150E333-8FDC-42A3-9474-1A3956D46DE8}") = "Unit", "Unit", "{E3529C85-E83F-45E4-BEEE-1294750E7C65}"
EndProject
Project("{FAE04EC0-301F-11D3-BF4B-00C04F79EFBC}") = "ER.Application.UnitTests", "ER.Application.UnitTests\ER.Application.UnitTests.csproj", "{1B9EC36A-210D-4D06-8AD4-8F84D257BBDA}"
EndProject
Project("{FAE04EC0-301F-11D3-BF4B-00C04F79EFBC}") = "ER.Domain.UnitTests", "ER.Domain.UnitTests\ER.Domain.UnitTests.csproj", "{172E171F-8E14-4202-9384-1DFE409EFE0B}"
EndProject
Project("{FAE04EC0-301F-11D3-BF4B-00C04F79EFBC}") = "ER.Infrastructure.UnitTests", "ER.Infrastructure.UnitTests\ER.Infrastructure.UnitTests.csproj", "{BF3AEA61-8699-43D0-9D3B-69D3E2112FA3}"
EndProject
Project("{FAE04EC0-301F-11D3-BF4B-00C04F79EFBC}") = "ER.WebApi.UnitTests", "ER.WebApi.UnitTests\ER.WebApi.UnitTests.csproj", "{FD902A82-4483-4FD3-8CBD-1F184CD3E745}"
EndProject
Project("{FAE04EC0-301F-11D3-BF4B-00C04F79EFBC}") = "ER.IntegrationTests", "ER.IntegrationTests\ER.IntegrationTests.csproj", "{28448FE6-B6C9-473B-90AD-D5AD13BFDDA3}"
EndProject
Project("{2150E333-8FDC-42A3-9474-1A3956D46DE8}") = "Src", "Src", "{3C01ECF6-7E59-42D2-8496-19AF355C6D43}"
EndProject
Global
	GlobalSection(SolutionConfigurationPlatforms) = preSolution
		Debug|Any CPU = Debug|Any CPU
		Release|Any CPU = Release|Any CPU
	EndGlobalSection
	GlobalSection(ProjectConfigurationPlatforms) = postSolution
		{B617EDB9-E97A-44E3-AE90-956380927C70}.Debug|Any CPU.ActiveCfg = Debug|Any CPU
		{B617EDB9-E97A-44E3-AE90-956380927C70}.Debug|Any CPU.Build.0 = Debug|Any CPU
		{B617EDB9-E97A-44E3-AE90-956380927C70}.Release|Any CPU.ActiveCfg = Release|Any CPU
		{B617EDB9-E97A-44E3-AE90-956380927C70}.Release|Any CPU.Build.0 = Release|Any CPU
		{CEB04BBD-CF29-49BE-9066-A0AB39877081}.Debug|Any CPU.ActiveCfg = Debug|Any CPU
		{CEB04BBD-CF29-49BE-9066-A0AB39877081}.Debug|Any CPU.Build.0 = Debug|Any CPU
		{CEB04BBD-CF29-49BE-9066-A0AB39877081}.Release|Any CPU.ActiveCfg = Release|Any CPU
		{CEB04BBD-CF29-49BE-9066-A0AB39877081}.Release|Any CPU.Build.0 = Release|Any CPU
		{D06ED8B7-8D5B-4A07-9F71-9356C69594E0}.Debug|Any CPU.ActiveCfg = Debug|Any CPU
		{D06ED8B7-8D5B-4A07-9F71-9356C69594E0}.Debug|Any CPU.Build.0 = Debug|Any CPU
		{D06ED8B7-8D5B-4A07-9F71-9356C69594E0}.Release|Any CPU.ActiveCfg = Release|Any CPU
		{D06ED8B7-8D5B-4A07-9F71-9356C69594E0}.Release|Any CPU.Build.0 = Release|Any CPU
		{E389E60A-91D2-45CB-BCA8-E3A413FA2FCA}.Debug|Any CPU.ActiveCfg = Debug|Any CPU
		{E389E60A-91D2-45CB-BCA8-E3A413FA2FCA}.Debug|Any CPU.Build.0 = Debug|Any CPU
		{E389E60A-91D2-45CB-BCA8-E3A413FA2FCA}.Release|Any CPU.ActiveCfg = Release|Any CPU
		{E389E60A-91D2-45CB-BCA8-E3A413FA2FCA}.Release|Any CPU.Build.0 = Release|Any CPU
		{1B9EC36A-210D-4D06-8AD4-8F84D257BBDA}.Debug|Any CPU.ActiveCfg = Debug|Any CPU
		{1B9EC36A-210D-4D06-8AD4-8F84D257BBDA}.Debug|Any CPU.Build.0 = Debug|Any CPU
		{1B9EC36A-210D-4D06-8AD4-8F84D257BBDA}.Release|Any CPU.ActiveCfg = Release|Any CPU
		{1B9EC36A-210D-4D06-8AD4-8F84D257BBDA}.Release|Any CPU.Build.0 = Release|Any CPU
		{172E171F-8E14-4202-9384-1DFE409EFE0B}.Debug|Any CPU.ActiveCfg = Debug|Any CPU
		{172E171F-8E14-4202-9384-1DFE409EFE0B}.Debug|Any CPU.Build.0 = Debug|Any CPU
		{172E171F-8E14-4202-9384-1DFE409EFE0B}.Release|Any CPU.ActiveCfg = Release|Any CPU
		{172E171F-8E14-4202-9384-1DFE409EFE0B}.Release|Any CPU.Build.0 = Release|Any CPU
		{BF3AEA61-8699-43D0-9D3B-69D3E2112FA3}.Debug|Any CPU.ActiveCfg = Debug|Any CPU
		{BF3AEA61-8699-43D0-9D3B-69D3E2112FA3}.Debug|Any CPU.Build.0 = Debug|Any CPU
		{BF3AEA61-8699-43D0-9D3B-69D3E2112FA3}.Release|Any CPU.ActiveCfg = Release|Any CPU
		{BF3AEA61-8699-43D0-9D3B-69D3E2112FA3}.Release|Any CPU.Build.0 = Release|Any CPU
		{FD902A82-4483-4FD3-8CBD-1F184CD3E745}.Debug|Any CPU.ActiveCfg = Debug|Any CPU
		{FD902A82-4483-4FD3-8CBD-1F184CD3E745}.Debug|Any CPU.Build.0 = Debug|Any CPU
		{FD902A82-4483-4FD3-8CBD-1F184CD3E745}.Release|Any CPU.ActiveCfg = Release|Any CPU
		{FD902A82-4483-4FD3-8CBD-1F184CD3E745}.Release|Any CPU.Build.0 = Release|Any CPU
		{28448FE6-B6C9-473B-90AD-D5AD13BFDDA3}.Debug|Any CPU.ActiveCfg = Debug|Any CPU
		{28448FE6-B6C9-473B-90AD-D5AD13BFDDA3}.Debug|Any CPU.Build.0 = Debug|Any CPU
		{28448FE6-B6C9-473B-90AD-D5AD13BFDDA3}.Release|Any CPU.ActiveCfg = Release|Any CPU
		{28448FE6-B6C9-473B-90AD-D5AD13BFDDA3}.Release|Any CPU.Build.0 = Release|Any CPU
	EndGlobalSection
	GlobalSection(NestedProjects) = preSolution
		{B617EDB9-E97A-44E3-AE90-956380927C70} = {80A34C03-5D19-49E0-BCB7-BBE1CEAC83E9}
		{CEB04BBD-CF29-49BE-9066-A0AB39877081} = {6B6D6CDD-F6C2-41D9-A22E-1A0C67A90C64}
		{D06ED8B7-8D5B-4A07-9F71-9356C69594E0} = {3D886664-EAA2-4929-BDE8-A1BC9AD710FF}
		{E389E60A-91D2-45CB-BCA8-E3A413FA2FCA} = {25AB72CC-982F-4F13-A5F9-607FF7CF20DC}
		{B5473DA1-CA13-47E7-AAA8-A30DB77D9B08} = {6C0BE06D-228D-437A-9B6B-C708ADA661B4}
		{E3529C85-E83F-45E4-BEEE-1294750E7C65} = {6C0BE06D-228D-437A-9B6B-C708ADA661B4}
		{1B9EC36A-210D-4D06-8AD4-8F84D257BBDA} = {E3529C85-E83F-45E4-BEEE-1294750E7C65}
		{172E171F-8E14-4202-9384-1DFE409EFE0B} = {E3529C85-E83F-45E4-BEEE-1294750E7C65}
		{BF3AEA61-8699-43D0-9D3B-69D3E2112FA3} = {E3529C85-E83F-45E4-BEEE-1294750E7C65}
		{FD902A82-4483-4FD3-8CBD-1F184CD3E745} = {E3529C85-E83F-45E4-BEEE-1294750E7C65}
		{28448FE6-B6C9-473B-90AD-D5AD13BFDDA3} = {B5473DA1-CA13-47E7-AAA8-A30DB77D9B08}
		{6B6D6CDD-F6C2-41D9-A22E-1A0C67A90C64} = {3C01ECF6-7E59-42D2-8496-19AF355C6D43}
		{3D886664-EAA2-4929-BDE8-A1BC9AD710FF} = {3C01ECF6-7E59-42D2-8496-19AF355C6D43}
		{25AB72CC-982F-4F13-A5F9-607FF7CF20DC} = {3C01ECF6-7E59-42D2-8496-19AF355C6D43}
		{80A34C03-5D19-49E0-BCB7-BBE1CEAC83E9} = {3C01ECF6-7E59-42D2-8496-19AF355C6D43}
	EndGlobalSection
EndGlobal
